// !$*UTF8*$!
{
	archiveVersion = 1;
	classes = {
	};
	objectVersion = 46;
	objects = {

/* Begin PBXBuildFile section */
		06A5EF3C1A15472B00A8B235 /* LNDog.m in Sources */ = {isa = PBXBuildFile; fileRef = 06A5EF3B1A15472B00A8B235 /* LNDog.m */; };
		06A69BEC1A15198B005DBBA3 /* Foundation.framework in Frameworks */ = {isa = PBXBuildFile; fileRef = 06A69BEB1A15198B005DBBA3 /* Foundation.framework */; };
		06A69BEE1A15198B005DBBA3 /* CoreGraphics.framework in Frameworks */ = {isa = PBXBuildFile; fileRef = 06A69BED1A15198B005DBBA3 /* CoreGraphics.framework */; };
		06A69BF01A15198B005DBBA3 /* UIKit.framework in Frameworks */ = {isa = PBXBuildFile; fileRef = 06A69BEF1A15198B005DBBA3 /* UIKit.framework */; };
		06A69BF61A15198B005DBBA3 /* InfoPlist.strings in Resources */ = {isa = PBXBuildFile; fileRef = 06A69BF41A15198B005DBBA3 /* InfoPlist.strings */; };
		06A69BF81A15198B005DBBA3 /* main.m in Sources */ = {isa = PBXBuildFile; fileRef = 06A69BF71A15198B005DBBA3 /* main.m */; };
		06A69BFC1A15198B005DBBA3 /* LNAppDelegate.m in Sources */ = {isa = PBXBuildFile; fileRef = 06A69BFB1A15198B005DBBA3 /* LNAppDelegate.m */; };
		06A69BFF1A15198B005DBBA3 /* Main.storyboard in Resources */ = {isa = PBXBuildFile; fileRef = 06A69BFD1A15198B005DBBA3 /* Main.storyboard */; };
		06A69C021A15198B005DBBA3 /* LNViewController.m in Sources */ = {isa = PBXBuildFile; fileRef = 06A69C011A15198B005DBBA3 /* LNViewController.m */; };
		06A69C041A15198B005DBBA3 /* Images.xcassets in Resources */ = {isa = PBXBuildFile; fileRef = 06A69C031A15198B005DBBA3 /* Images.xcassets */; };
		06A69C0B1A15198C005DBBA3 /* XCTest.framework in Frameworks */ = {isa = PBXBuildFile; fileRef = 06A69C0A1A15198C005DBBA3 /* XCTest.framework */; };
		06A69C0C1A15198C005DBBA3 /* Foundation.framework in Frameworks */ = {isa = PBXBuildFile; fileRef = 06A69BEB1A15198B005DBBA3 /* Foundation.framework */; };
		06A69C0D1A15198C005DBBA3 /* UIKit.framework in Frameworks */ = {isa = PBXBuildFile; fileRef = 06A69BEF1A15198B005DBBA3 /* UIKit.framework */; };
		06A69C151A15198C005DBBA3 /* InfoPlist.strings in Resources */ = {isa = PBXBuildFile; fileRef = 06A69C131A15198C005DBBA3 /* InfoPlist.strings */; };
		06A69C171A15198C005DBBA3 /* Class_Testing_GroundTests.m in Sources */ = {isa = PBXBuildFile; fileRef = 06A69C161A15198C005DBBA3 /* Class_Testing_GroundTests.m */; };
/* End PBXBuildFile section */

/* Begin PBXContainerItemProxy section */
		06A69C0E1A15198C005DBBA3 /* PBXContainerItemProxy */ = {
			isa = PBXContainerItemProxy;
			containerPortal = 06A69BE01A15198B005DBBA3 /* Project object */;
			proxyType = 1;
			remoteGlobalIDString = 06A69BE71A15198B005DBBA3;
			remoteInfo = "Class Testing Ground";
		};
/* End PBXContainerItemProxy section */

/* Begin PBXFileReference section */
		06A5EF3A1A15472B00A8B235 /* LNDog.h */ = {isa = PBXFileReference; fileEncoding = 4; lastKnownFileType = sourcecode.c.h; path = LNDog.h; sourceTree = "<group>"; };
		06A5EF3B1A15472B00A8B235 /* LNDog.m */ = {isa = PBXFileReference; fileEncoding = 4; lastKnownFileType = sourcecode.c.objc; path = LNDog.m; sourceTree = "<group>"; };
		06A69BE81A15198B005DBBA3 /* Class Testing Ground.app */ = {isa = PBXFileReference; explicitFileType = wrapper.application; includeInIndex = 0; path = "Class Testing Ground.app"; sourceTree = BUILT_PRODUCTS_DIR; };
		06A69BEB1A15198B005DBBA3 /* Foundation.framework */ = {isa = PBXFileReference; lastKnownFileType = wrapper.framework; name = Foundation.framework; path = System/Library/Frameworks/Foundation.framework; sourceTree = SDKROOT; };
		06A69BED1A15198B005DBBA3 /* CoreGraphics.framework */ = {isa = PBXFileReference; lastKnownFileType = wrapper.framework; name = CoreGraphics.framework; path = System/Library/Frameworks/CoreGraphics.framework; sourceTree = SDKROOT; };
		06A69BEF1A15198B005DBBA3 /* UIKit.framework */ = {isa = PBXFileReference; lastKnownFileType = wrapper.framework; name = UIKit.framework; path = System/Library/Frameworks/UIKit.framework; sourceTree = SDKROOT; };
		06A69BF31A15198B005DBBA3 /* Class Testing Ground-Info.plist */ = {isa = PBXFileReference; lastKnownFileType = text.plist.xml; path = "Class Testing Ground-Info.plist"; sourceTree = "<group>"; };
		06A69BF51A15198B005DBBA3 /* en */ = {isa = PBXFileReference; lastKnownFileType = text.plist.strings; name = en; path = en.lproj/InfoPlist.strings; sourceTree = "<group>"; };
		06A69BF71A15198B005DBBA3 /* main.m */ = {isa = PBXFileReference; lastKnownFileType = sourcecode.c.objc; path = main.m; sourceTree = "<group>"; };
		06A69BF91A15198B005DBBA3 /* Class Testing Ground-Prefix.pch */ = {isa = PBXFileReference; lastKnownFileType = sourcecode.c.h; path = "Class Testing Ground-Prefix.pch"; sourceTree = "<group>"; };
		06A69BFA1A15198B005DBBA3 /* LNAppDelegate.h */ = {isa = PBXFileReference; lastKnownFileType = sourcecode.c.h; path = LNAppDelegate.h; sourceTree = "<group>"; };
		06A69BFB1A15198B005DBBA3 /* LNAppDelegate.m */ = {isa = PBXFileReference; lastKnownFileType = sourcecode.c.objc; path = LNAppDelegate.m; sourceTree = "<group>"; };
		06A69BFE1A15198B005DBBA3 /* Base */ = {isa = PBXFileReference; lastKnownFileType = file.storyboard; name = Base; path = Base.lproj/Main.storyboard; sourceTree = "<group>"; };
		06A69C001A15198B005DBBA3 /* LNViewController.h */ = {isa = PBXFileReference; lastKnownFileType = sourcecode.c.h; path = LNViewController.h; sourceTree = "<group>"; };
		06A69C011A15198B005DBBA3 /* LNViewController.m */ = {isa = PBXFileReference; lastKnownFileType = sourcecode.c.objc; path = LNViewController.m; sourceTree = "<group>"; };
		06A69C031A15198B005DBBA3 /* Images.xcassets */ = {isa = PBXFileReference; lastKnownFileType = folder.assetcatalog; path = Images.xcassets; sourceTree = "<group>"; };
		06A69C091A15198C005DBBA3 /* Class Testing GroundTests.xctest */ = {isa = PBXFileReference; explicitFileType = wrapper.cfbundle; includeInIndex = 0; path = "Class Testing GroundTests.xctest"; sourceTree = BUILT_PRODUCTS_DIR; };
		06A69C0A1A15198C005DBBA3 /* XCTest.framework */ = {isa = PBXFileReference; lastKnownFileType = wrapper.framework; name = XCTest.framework; path = Library/Frameworks/XCTest.framework; sourceTree = DEVELOPER_DIR; };
		06A69C121A15198C005DBBA3 /* Class Testing GroundTests-Info.plist */ = {isa = PBXFileReference; lastKnownFileType = text.plist.xml; path = "Class Testing GroundTests-Info.plist"; sourceTree = "<group>"; };
		06A69C141A15198C005DBBA3 /* en */ = {isa = PBXFileReference; lastKnownFileType = text.plist.strings; name = en; path = en.lproj/InfoPlist.strings; sourceTree = "<group>"; };
		06A69C161A15198C005DBBA3 /* Class_Testing_GroundTests.m */ = {isa = PBXFileReference; lastKnownFileType = sourcecode.c.objc; path = Class_Testing_GroundTests.m; sourceTree = "<group>"; };
/* End PBXFileReference section */

/* Begin PBXFrameworksBuildPhase section */
		06A69BE51A15198B005DBBA3 /* Frameworks */ = {
			isa = PBXFrameworksBuildPhase;
			buildActionMask = 2147483647;
			files = (
				06A69BEE1A15198B005DBBA3 /* CoreGraphics.framework in Frameworks */,
				06A69BF01A15198B005DBBA3 /* UIKit.framework in Frameworks */,
				06A69BEC1A15198B005DBBA3 /* Foundation.framework in Frameworks */,
			);
			runOnlyForDeploymentPostprocessing = 0;
		};
		06A69C061A15198C005DBBA3 /* Frameworks */ = {
			isa = PBXFrameworksBuildPhase;
			buildActionMask = 2147483647;
			files = (
				06A69C0B1A15198C005DBBA3 /* XCTest.framework in Frameworks */,
				06A69C0D1A15198C005DBBA3 /* UIKit.framework in Frameworks */,
				06A69C0C1A15198C005DBBA3 /* Foundation.framework in Frameworks */,
			);
			runOnlyForDeploymentPostprocessing = 0;
		};
/* End PBXFrameworksBuildPhase section */

/* Begin PBXGroup section */
		06A69BDF1A15198B005DBBA3 = {
			isa = PBXGroup;
			children = (
				06A69BF11A15198B005DBBA3 /* Class Testing Ground */,
				06A69C101A15198C005DBBA3 /* Class Testing GroundTests */,
				06A69BEA1A15198B005DBBA3 /* Frameworks */,
				06A69BE91A15198B005DBBA3 /* Products */,
			);
			sourceTree = "<group>";
		};
		06A69BE91A15198B005DBBA3 /* Products */ = {
			isa = PBXGroup;
			children = (
				06A69BE81A15198B005DBBA3 /* Class Testing Ground.app */,
				06A69C091A15198C005DBBA3 /* Class Testing GroundTests.xctest */,
			);
			name = Products;
			sourceTree = "<group>";
		};
		06A69BEA1A15198B005DBBA3 /* Frameworks */ = {
			isa = PBXGroup;
			children = (
				06A69BEB1A15198B005DBBA3 /* Foundation.framework */,
				06A69BED1A15198B005DBBA3 /* CoreGraphics.framework */,
				06A69BEF1A15198B005DBBA3 /* UIKit.framework */,
				06A69C0A1A15198C005DBBA3 /* XCTest.framework */,
			);
			name = Frameworks;
			sourceTree = "<group>";
		};
		06A69BF11A15198B005DBBA3 /* Class Testing Ground */ = {
			isa = PBXGroup;
			children = (
				06A69BFA1A15198B005DBBA3 /* LNAppDelegate.h */,
				06A69BFB1A15198B005DBBA3 /* LNAppDelegate.m */,
				06A69BFD1A15198B005DBBA3 /* Main.storyboard */,
				06A69C001A15198B005DBBA3 /* LNViewController.h */,
				06A69C011A15198B005DBBA3 /* LNViewController.m */,
				06A5EF3A1A15472B00A8B235 /* LNDog.h */,
				06A5EF3B1A15472B00A8B235 /* LNDog.m */,
				06A69C031A15198B005DBBA3 /* Images.xcassets */,
				06A69BF21A15198B005DBBA3 /* Supporting Files */,
			);
			path = "Class Testing Ground";
			sourceTree = "<group>";
		};
		06A69BF21A15198B005DBBA3 /* Supporting Files */ = {
			isa = PBXGroup;
			children = (
				06A69BF31A15198B005DBBA3 /* Class Testing Ground-Info.plist */,
				06A69BF41A15198B005DBBA3 /* InfoPlist.strings */,
				06A69BF71A15198B005DBBA3 /* main.m */,
				06A69BF91A15198B005DBBA3 /* Class Testing Ground-Prefix.pch */,
			);
			name = "Supporting Files";
			sourceTree = "<group>";
		};
		06A69C101A15198C005DBBA3 /* Class Testing GroundTests */ = {
			isa = PBXGroup;
			children = (
				06A69C161A15198C005DBBA3 /* Class_Testing_GroundTests.m */,
				06A69C111A15198C005DBBA3 /* Supporting Files */,
			);
			path = "Class Testing GroundTests";
			sourceTree = "<group>";
		};
		06A69C111A15198C005DBBA3 /* Supporting Files */ = {
			isa = PBXGroup;
			children = (
				06A69C121A15198C005DBBA3 /* Class Testing GroundTests-Info.plist */,
				06A69C131A15198C005DBBA3 /* InfoPlist.strings */,
			);
			name = "Supporting Files";
			sourceTree = "<group>";
		};
/* End PBXGroup section */

/* Begin PBXNativeTarget section */
		06A69BE71A15198B005DBBA3 /* Class Testing Ground */ = {
			isa = PBXNativeTarget;
			buildConfigurationList = 06A69C1A1A15198C005DBBA3 /* Build configuration list for PBXNativeTarget "Class Testing Ground" */;
			buildPhases = (
				06A69BE41A15198B005DBBA3 /* Sources */,
				06A69BE51A15198B005DBBA3 /* Frameworks */,
				06A69BE61A15198B005DBBA3 /* Resources */,
			);
			buildRules = (
			);
			dependencies = (
			);
			name = "Class Testing Ground";
			productName = "Class Testing Ground";
			productReference = 06A69BE81A15198B005DBBA3 /* Class Testing Ground.app */;
			productType = "com.apple.product-type.application";
		};
		06A69C081A15198C005DBBA3 /* Class Testing GroundTests */ = {
			isa = PBXNativeTarget;
			buildConfigurationList = 06A69C1D1A15198C005DBBA3 /* Build configuration list for PBXNativeTarget "Class Testing GroundTests" */;
			buildPhases = (
				06A69C051A15198C005DBBA3 /* Sources */,
				06A69C061A15198C005DBBA3 /* Frameworks */,
				06A69C071A15198C005DBBA3 /* Resources */,
			);
			buildRules = (
			);
			dependencies = (
				06A69C0F1A15198C005DBBA3 /* PBXTargetDependency */,
			);
			name = "Class Testing GroundTests";
			productName = "Class Testing GroundTests";
			productReference = 06A69C091A15198C005DBBA3 /* Class Testing GroundTests.xctest */;
			productType = "com.apple.product-type.bundle.unit-test";
		};
/* End PBXNativeTarget section */

/* Begin PBXProject section */
		06A69BE01A15198B005DBBA3 /* Project object */ = {
			isa = PBXProject;
			attributes = {
				CLASSPREFIX = LN;
				LastUpgradeCheck = 0510;
				ORGANIZATIONNAME = Liner;
				TargetAttributes = {
					06A69C081A15198C005DBBA3 = {
						TestTargetID = 06A69BE71A15198B005DBBA3;
					};
				};
			};
			buildConfigurationList = 06A69BE31A15198B005DBBA3 /* Build configuration list for PBXProject "Class Testing Ground" */;
			compatibilityVersion = "Xcode 3.2";
			developmentRegion = English;
			hasScannedForEncodings = 0;
			knownRegions = (
				en,
				Base,
			);
			mainGroup = 06A69BDF1A15198B005DBBA3;
			productRefGroup = 06A69BE91A15198B005DBBA3 /* Products */;
			projectDirPath = "";
			projectRoot = "";
			targets = (
				06A69BE71A15198B005DBBA3 /* Class Testing Ground */,
				06A69C081A15198C005DBBA3 /* Class Testing GroundTests */,
			);
		};
/* End PBXProject section */

/* Begin PBXResourcesBuildPhase section */
		06A69BE61A15198B005DBBA3 /* Resources */ = {
			isa = PBXResourcesBuildPhase;
			buildActionMask = 2147483647;
			files = (
				06A69C041A15198B005DBBA3 /* Images.xcassets in Resources */,
				06A69BF61A15198B005DBBA3 /* InfoPlist.strings in Resources */,
				06A69BFF1A15198B005DBBA3 /* Main.storyboard in Resources */,
			);
			runOnlyForDeploymentPostprocessing = 0;
		};
		06A69C071A15198C005DBBA3 /* Resources */ = {
			isa = PBXResourcesBuildPhase;
			buildActionMask = 2147483647;
			files = (
				06A69C151A15198C005DBBA3 /* InfoPlist.strings in Resources */,
			);
			runOnlyForDeploymentPostprocessing = 0;
		};
/* End PBXResourcesBuildPhase section */

/* Begin PBXSourcesBuildPhase section */
		06A69BE41A15198B005DBBA3 /* Sources */ = {
			isa = PBXSourcesBuildPhase;
			buildActionMask = 2147483647;
			files = (
				06A69BFC1A15198B005DBBA3 /* LNAppDelegate.m in Sources */,
				06A69BF81A15198B005DBBA3 /* main.m in Sources */,
				06A5EF3C1A15472B00A8B235 /* LNDog.m in Sources */,
				06A69C021A15198B005DBBA3 /* LNViewController.m in Sources */,
			);
			runOnlyForDeploymentPostprocessing = 0;
		};
		06A69C051A15198C005DBBA3 /* Sources */ = {
			isa = PBXSourcesBuildPhase;
			buildActionMask = 2147483647;
			files = (
				06A69C171A15198C005DBBA3 /* Class_Testing_GroundTests.m in Sources */,
			);
			runOnlyForDeploymentPostprocessing = 0;
		};
/* End PBXSourcesBuildPhase section */

/* Begin PBXTargetDependency section */
		06A69C0F1A15198C005DBBA3 /* PBXTargetDependency */ = {
			isa = PBXTargetDependency;
			target = 06A69BE71A15198B005DBBA3 /* Class Testing Ground */;
			targetProxy = 06A69C0E1A15198C005DBBA3 /* PBXContainerItemProxy */;
		};
/* End PBXTargetDependency section */

/* Begin PBXVariantGroup section */
		06A69BF41A15198B005DBBA3 /* InfoPlist.strings */ = {
			isa = PBXVariantGroup;
			children = (
				06A69BF51A15198B005DBBA3 /* en */,
			);
			name = InfoPlist.strings;
			sourceTree = "<group>";
		};
		06A69BFD1A15198B005DBBA3 /* Main.storyboard */ = {
			isa = PBXVariantGroup;
			children = (
				06A69BFE1A15198B005DBBA3 /* Base */,
			);
			name = Main.storyboard;
			sourceTree = "<group>";
		};
		06A69C131A15198C005DBBA3 /* InfoPlist.strings */ = {
			isa = PBXVariantGroup;
			children = (
				06A69C141A15198C005DBBA3 /* en */,
			);
			name = InfoPlist.strings;
			sourceTree = "<group>";
		};
/* End PBXVariantGroup section */

/* Begin XCBuildConfiguration section */
		06A69C181A15198C005DBBA3 /* Debug */ = {
			isa = XCBuildConfiguration;
			buildSettings = {
				ALWAYS_SEARCH_USER_PATHS = NO;
				CLANG_CXX_LANGUAGE_STANDARD = "gnu++0x";
				CLANG_CXX_LIBRARY = "libc++";
				CLANG_ENABLE_MODULES = YES;
				CLANG_ENABLE_OBJC_ARC = YES;
				CLANG_WARN_BOOL_CONVERSION = YES;
				CLANG_WARN_CONSTANT_CONVERSION = YES;
				CLANG_WARN_DIRECT_OBJC_ISA_USAGE = YES_ERROR;
				CLANG_WARN_EMPTY_BODY = YES;
				CLANG_WARN_ENUM_CONVERSION = YES;
				CLANG_WARN_INT_CONVERSION = YES;
				CLANG_WARN_OBJC_ROOT_CLASS = YES_ERROR;
				CLANG_WARN__DUPLICATE_METHOD_MATCH = YES;
				"CODE_SIGN_IDENTITY[sdk=iphoneos*]" = "iPhone Developer";
				COPY_PHASE_STRIP = NO;
				GCC_C_LANGUAGE_STANDARD = gnu99;
				GCC_DYNAMIC_NO_PIC = NO;
				GCC_OPTIMIZATION_LEVEL = 0;
				GCC_PREPROCESSOR_DEFINITIONS = (
					"DEBUG=1",
					"$(inherited)",
				);
				GCC_SYMBOLS_PRIVATE_EXTERN = NO;
				GCC_WARN_64_TO_32_BIT_CONVERSION = YES;
				GCC_WARN_ABOUT_RETURN_TYPE = YES_ERROR;
				GCC_WARN_UNDECLARED_SELECTOR = YES;
				GCC_WARN_UNINITIALIZED_AUTOS = YES_AGGRESSIVE;
				GCC_WARN_UNUSED_FUNCTION = YES;
				GCC_WARN_UNUSED_VARIABLE = YES;
				IPHONEOS_DEPLOYMENT_TARGET = 7.1;
				ONLY_ACTIVE_ARCH = YES;
				SDKROOT = iphoneos;
			};
			name = Debug;
		};
		06A69C191A15198C005DBBA3 /* Release */ = {
			isa = XCBuildConfiguration;
			buildSettings = {
				ALWAYS_SEARCH_USER_PATHS = NO;
				CLANG_CXX_LANGUAGE_STANDARD = "gnu++0x";
				CLANG_CXX_LIBRARY = "libc++";
				CLANG_ENABLE_MODULES = YES;
				CLANG_ENABLE_OBJC_ARC = YES;
				CLANG_WARN_BOOL_CONVERSION = YES;
				CLANG_WARN_CONSTANT_CONVERSION = YES;
				CLANG_WARN_DIRECT_OBJC_ISA_USAGE = YES_ERROR;
				CLANG_WARN_EMPTY_BODY = YES;
				CLANG_WARN_ENUM_CONVERSION = YES;
				CLANG_WARN_INT_CONVERSION = YES;
				CLANG_WARN_OBJC_ROOT_CLASS = YES_ERROR;
				CLANG_WARN__DUPLICATE_METHOD_MATCH = YES;
				"CODE_SIGN_IDENTITY[sdk=iphoneos*]" = "iPhone Developer";
				COPY_PHASE_STRIP = YES;
				ENABLE_NS_ASSERTIONS = NO;
				GCC_C_LANGUAGE_STANDARD = gnu99;
				GCC_WARN_64_TO_32_BIT_CONVERSION = YES;
				GCC_WARN_ABOUT_RETURN_TYPE = YES_ERROR;
				GCC_WARN_UNDECLARED_SELECTOR = YES;
				GCC_WARN_UNINITIALIZED_AUTOS = YES_AGGRESSIVE;
				GCC_WARN_UNUSED_FUNCTION = YES;
				GCC_WARN_UNUSED_VARIABLE = YES;
				IPHONEOS_DEPLOYMENT_TARGET = 7.1;
				SDKROOT = iphoneos;
				VALIDATE_PRODUCT = YES;
			};
			name = Release;
		};
		06A69C1B1A15198C005DBBA3 /* Debug */ = {
			isa = XCBuildConfiguration;
			buildSettings = {
				ASSETCATALOG_COMPILER_APPICON_NAME = AppIcon;
				ASSETCATALOG_COMPILER_LAUNCHIMAGE_NAME = LaunchImage;
				GCC_PRECOMPILE_PREFIX_HEADER = YES;
				GCC_PREFIX_HEADER = "Class Testing Ground/Class Testing Ground-Prefix.pch";
				INFOPLIST_FILE = "Class Testing Ground/Class Testing Ground-Info.plist";
				PRODUCT_NAME = "$(TARGET_NAME)";
				WRAPPER_EXTENSION = app;
			};
			name = Debug;
		};
		06A69C1C1A15198C005DBBA3 /* Release */ = {
			isa = XCBuildConfiguration;
			buildSettings = {
				ASSETCATALOG_COMPILER_APPICON_NAME = AppIcon;
				ASSETCATALOG_COMPILER_LAUNCHIMAGE_NAME = LaunchImage;
				GCC_PRECOMPILE_PREFIX_HEADER = YES;
				GCC_PREFIX_HEADER = "Class Testing Ground/Class Testing Ground-Prefix.pch";
				INFOPLIST_FILE = "Class Testing Ground/Class Testing Ground-Info.plist";
				PRODUCT_NAME = "$(TARGET_NAME)";
				WRAPPER_EXTENSION = app;
			};
			name = Release;
		};
		06A69C1E1A15198C005DBBA3 /* Debug */ = {
			isa = XCBuildConfiguration;
			buildSettings = {
				BUNDLE_LOADER = "$(BUILT_PRODUCTS_DIR)/Class Testing Ground.app/Class Testing Ground";
				FRAMEWORK_SEARCH_PATHS = (
					"$(SDKROOT)/Developer/Library/Frameworks",
					"$(inherited)",
					"$(DEVELOPER_FRAMEWORKS_DIR)",
				);
				GCC_PRECOMPILE_PREFIX_HEADER = YES;
				GCC_PREFIX_HEADER = "Class Testing Ground/Class Testing Ground-Prefix.pch";
				GCC_PREPROCESSOR_DEFINITIONS = (
					"DEBUG=1",
					"$(inherited)",
				);
				INFOPLIST_FILE = "Class Testing GroundTests/Class Testing GroundTests-Info.plist";
				PRODUCT_NAME = "$(TARGET_NAME)";
				TEST_HOST = "$(BUNDLE_LOADER)";
				WRAPPER_EXTENSION = xctest;
			};
			name = Debug;
		};
		06A69C1F1A15198C005DBBA3 /* Release */ = {
			isa = XCBuildConfiguration;
			buildSettings = {
				BUNDLE_LOADER = "$(BUILT_PRODUCTS_DIR)/Class Testing Ground.app/Class Testing Ground";
				FRAMEWORK_SEARCH_PATHS = (
					"$(SDKROOT)/Developer/Library/Frameworks",
					"$(inherited)",
					"$(DEVELOPER_FRAMEWORKS_DIR)",
				);
				GCC_PRECOMPILE_PREFIX_HEADER = YES;
				GCC_PREFIX_HEADER = "Class Testing Ground/Class Testing Ground-Prefix.pch";
				INFOPLIST_FILE = "Class Testing GroundTests/Class Testing GroundTests-Info.plist";
				PRODUCT_NAME = "$(TARGET_NAME)";
				TEST_HOST = "$(BUNDLE_LOADER)";
				WRAPPER_EXTENSION = xctest;
			};
			name = Release;
		};
/* End XCBuildConfiguration section */

/* Begin XCConfigurationList section */
		06A69BE31A15198B005DBBA3 /* Build configuration list for PBXProject "Class Testing Ground" */ = {
			isa = XCConfigurationList;
			buildConfigurations = (
				06A69C181A15198C005DBBA3 /* Debug */,
				06A69C191A15198C005DBBA3 /* Release */,
			);
			defaultConfigurationIsVisible = 0;
			defaultConfigurationName = Release;
		};
		06A69C1A1A15198C005DBBA3 /* Build configuration list for PBXNativeTarget "Class Testing Ground" */ = {
			isa = XCConfigurationList;
			buildConfigurations = (
				06A69C1B1A15198C005DBBA3 /* Debug */,
				06A69C1C1A15198C005DBBA3 /* Release */,
			);
			defaultConfigurationIsVisible = 0;
			defaultConfigurationName = Release;
		};
		06A69C1D1A15198C005DBBA3 /* Build configuration list for PBXNativeTarget "Class Testing GroundTests" */ = {
			isa = XCConfigurationList;
			buildConfigurations = (
				06A69C1E1A15198C005DBBA3 /* Debug */,
				06A69C1F1A15198C005DBBA3 /* Release */,
			);
			defaultConfigurationIsVisible = 0;
			defaultConfigurationName = Release;
		};
/* End XCConfigurationList section */
	};
	rootObject = 06A69BE01A15198B005DBBA3 /* Project object */;
}
